
Microsoft Visual Studio Solution File, Format Version 12.00
# Visual Studio Version 17
VisualStudioVersion = 17.8.34408.163
MinimumVisualStudioVersion = 10.0.40219.1
Project("{FAE04EC0-301F-11D3-BF4B-00C04F79EFBC}") = "Controldepersonas", "Controldepersonas\Controldepersonas.csproj", "{FEE4A100-9FBE-441A-9F31-3C78109AE4ED}"
EndProject
Global
	GlobalSection(SolutionConfigurationPlatforms) = preSolution
		Debug|Any CPU = Debug|Any CPU
		Release|Any CPU = Release|Any CPU
	EndGlobalSection
	GlobalSection(ProjectConfigurationPlatforms) = postSolution
		{FEE4A100-9FBE-441A-9F31-3C78109AE4ED}.Debug|Any CPU.ActiveCfg = Debug|Any CPU
		{FEE4A100-9FBE-441A-9F31-3C78109AE4ED}.Debug|Any CPU.Build.0 = Debug|Any CPU
		{FEE4A100-9FBE-441A-9F31-3C78109AE4ED}.Release|Any CPU.ActiveCfg = Release|Any CPU
		{FEE4A100-9FBE-441A-9F31-3C78109AE4ED}.Release|Any CPU.Build.0 = Release|Any CPU
	EndGlobalSection
	GlobalSection(SolutionProperties) = preSolution
		HideSolutionNode = FALSE
	EndGlobalSection
	GlobalSection(ExtensibilityGlobals) = postSolution
		SolutionGuid = {860AB7EE-6CE2-4683-877C-9B9110BD584A}
	EndGlobalSection
EndGlobal
